
Microsoft Visual Studio Solution File, Format Version 12.00
# Visual Studio Version 17
VisualStudioVersion = 17.14.36127.28 d17.14
MinimumVisualStudioVersion = 10.0.40219.1
Project("{FAE04EC0-301F-11D3-BF4B-00C04F79EFBC}") = "CommoditySupply", "CommoditySupply.csproj", "{A238DD7C-4E66-40A9-89FB-F50AF4336CAE}"
EndProject
Project("{FAE04EC0-301F-11D3-BF4B-00C04F79EFBC}") = "TestProject4", "..\TestProject4\TestProject4.csproj", "{60BBF70D-5ED1-4092-9C81-1D5C592B3017}"
EndProject
Global
	GlobalSection(SolutionConfigurationPlatforms) = preSolution
		Debug|Any CPU = Debug|Any CPU
		Release|Any CPU = Release|Any CPU
	EndGlobalSection
	GlobalSection(ProjectConfigurationPlatforms) = postSolution
		{A238DD7C-4E66-40A9-89FB-F50AF4336CAE}.Debug|Any CPU.ActiveCfg = Debug|Any CPU
		{A238DD7C-4E66-40A9-89FB-F50AF4336CAE}.Debug|Any CPU.Build.0 = Debug|Any CPU
		{A238DD7C-4E66-40A9-89FB-F50AF4336CAE}.Release|Any CPU.ActiveCfg = Release|Any CPU
		{A238DD7C-4E66-40A9-89FB-F50AF4336CAE}.Release|Any CPU.Build.0 = Release|Any CPU
		{60BBF70D-5ED1-4092-9C81-1D5C592B3017}.Debug|Any CPU.ActiveCfg = Debug|Any CPU
		{60BBF70D-5ED1-4092-9C81-1D5C592B3017}.Debug|Any CPU.Build.0 = Debug|Any CPU
		{60BBF70D-5ED1-4092-9C81-1D5C592B3017}.Release|Any CPU.ActiveCfg = Release|Any CPU
		{60BBF70D-5ED1-4092-9C81-1D5C592B3017}.Release|Any CPU.Build.0 = Release|Any CPU
	EndGlobalSection
	GlobalSection(SolutionProperties) = preSolution
		HideSolutionNode = FALSE
	EndGlobalSection
	GlobalSection(ExtensibilityGlobals) = postSolution
		SolutionGuid = {BB8F9F1C-F8B6-45BA-AF75-0F8C9A9558F1}
	EndGlobalSection
EndGlobal
