
Microsoft Visual Studio Solution File, Format Version 12.00
# Visual Studio Version 17
VisualStudioVersion = 17.14.36127.28
MinimumVisualStudioVersion = 10.0.40219.1
Project("{FAE04EC0-301F-11D3-BF4B-00C04F79EFBC}") = "Task16", "Task16.csproj", "{9E05FDBA-B8AA-4677-BEB8-CAEAA55EFDD9}"
EndProject
Project("{FAE04EC0-301F-11D3-BF4B-00C04F79EFBC}") = "RealPowerStruct.UnitTests", "..\RealPowerStruct.UnitTests\RealPowerStruct.UnitTests.csproj", "{D9596FFF-FE32-4364-AB23-0A3BCF98D6A4}"
EndProject
Global
	GlobalSection(SolutionConfigurationPlatforms) = preSolution
		Debug|Any CPU = Debug|Any CPU
		Release|Any CPU = Release|Any CPU
	EndGlobalSection
	GlobalSection(ProjectConfigurationPlatforms) = postSolution
		{9E05FDBA-B8AA-4677-BEB8-CAEAA55EFDD9}.Debug|Any CPU.ActiveCfg = Debug|Any CPU
		{9E05FDBA-B8AA-4677-BEB8-CAEAA55EFDD9}.Debug|Any CPU.Build.0 = Debug|Any CPU
		{9E05FDBA-B8AA-4677-BEB8-CAEAA55EFDD9}.Release|Any CPU.ActiveCfg = Release|Any CPU
		{9E05FDBA-B8AA-4677-BEB8-CAEAA55EFDD9}.Release|Any CPU.Build.0 = Release|Any CPU
		{D9596FFF-FE32-4364-AB23-0A3BCF98D6A4}.Debug|Any CPU.ActiveCfg = Debug|Any CPU
		{D9596FFF-FE32-4364-AB23-0A3BCF98D6A4}.Debug|Any CPU.Build.0 = Debug|Any CPU
		{D9596FFF-FE32-4364-AB23-0A3BCF98D6A4}.Release|Any CPU.ActiveCfg = Release|Any CPU
		{D9596FFF-FE32-4364-AB23-0A3BCF98D6A4}.Release|Any CPU.Build.0 = Release|Any CPU
	EndGlobalSection
	GlobalSection(SolutionProperties) = preSolution
		HideSolutionNode = FALSE
	EndGlobalSection
	GlobalSection(ExtensibilityGlobals) = postSolution
		SolutionGuid = {FEBFDFC3-67AB-4C65-AF4C-26D8B13E9F4A}
	EndGlobalSection
EndGlobal
