
Microsoft Visual Studio Solution File, Format Version 12.00
# Visual Studio Version 17
VisualStudioVersion = 17.11.35327.3
MinimumVisualStudioVersion = 10.0.40219.1
Project("{FAE04EC0-301F-11D3-BF4B-00C04F79EFBC}") = "task7", "task7.csproj", "{2D7788DC-98C6-438E-AFC6-5C3962F55C12}"
EndProject
Global
	GlobalSection(SolutionConfigurationPlatforms) = preSolution
		Debug|Any CPU = Debug|Any CPU
		Release|Any CPU = Release|Any CPU
	EndGlobalSection
	GlobalSection(ProjectConfigurationPlatforms) = postSolution
		{2D7788DC-98C6-438E-AFC6-5C3962F55C12}.Debug|Any CPU.ActiveCfg = Debug|Any CPU
		{2D7788DC-98C6-438E-AFC6-5C3962F55C12}.Debug|Any CPU.Build.0 = Debug|Any CPU
		{2D7788DC-98C6-438E-AFC6-5C3962F55C12}.Release|Any CPU.ActiveCfg = Release|Any CPU
		{2D7788DC-98C6-438E-AFC6-5C3962F55C12}.Release|Any CPU.Build.0 = Release|Any CPU
	EndGlobalSection
	GlobalSection(SolutionProperties) = preSolution
		HideSolutionNode = FALSE
	EndGlobalSection
	GlobalSection(ExtensibilityGlobals) = postSolution
		SolutionGuid = {2128A9F4-0D5F-4D48-BE5E-20A06BFE8914}
	EndGlobalSection
EndGlobal
