
Microsoft Visual Studio Solution File, Format Version 12.00
# Visual Studio Version 17
VisualStudioVersion = 17.12.35728.132 d17.12
MinimumVisualStudioVersion = 10.0.40219.1
Project("{FAE04EC0-301F-11D3-BF4B-00C04F79EFBC}") = "University", "University.csproj", "{A9BD7305-0770-47A0-96BB-D6FEAFD46073}"
EndProject
Project("{FAE04EC0-301F-11D3-BF4B-00C04F79EFBC}") = "UniversityLibrary.UnitTests", "..\UniversityLibrary.UnitTests\UniversityLibrary.UnitTests.csproj", "{D421B470-DA91-4997-94A4-73439E73FC3C}"
EndProject
Global
	GlobalSection(SolutionConfigurationPlatforms) = preSolution
		Debug|Any CPU = Debug|Any CPU
		Release|Any CPU = Release|Any CPU
	EndGlobalSection
	GlobalSection(ProjectConfigurationPlatforms) = postSolution
		{A9BD7305-0770-47A0-96BB-D6FEAFD46073}.Debug|Any CPU.ActiveCfg = Debug|Any CPU
		{A9BD7305-0770-47A0-96BB-D6FEAFD46073}.Debug|Any CPU.Build.0 = Debug|Any CPU
		{A9BD7305-0770-47A0-96BB-D6FEAFD46073}.Release|Any CPU.ActiveCfg = Release|Any CPU
		{A9BD7305-0770-47A0-96BB-D6FEAFD46073}.Release|Any CPU.Build.0 = Release|Any CPU
		{D421B470-DA91-4997-94A4-73439E73FC3C}.Debug|Any CPU.ActiveCfg = Debug|Any CPU
		{D421B470-DA91-4997-94A4-73439E73FC3C}.Debug|Any CPU.Build.0 = Debug|Any CPU
		{D421B470-DA91-4997-94A4-73439E73FC3C}.Release|Any CPU.ActiveCfg = Release|Any CPU
		{D421B470-DA91-4997-94A4-73439E73FC3C}.Release|Any CPU.Build.0 = Release|Any CPU
	EndGlobalSection
	GlobalSection(SolutionProperties) = preSolution
		HideSolutionNode = FALSE
	EndGlobalSection
EndGlobal
