
Microsoft Visual Studio Solution File, Format Version 12.00
# Visual Studio Version 17
VisualStudioVersion = 17.11.35327.3
MinimumVisualStudioVersion = 10.0.40219.1
Project("{FAE04EC0-301F-11D3-BF4B-00C04F79EFBC}") = "task7.2", "task7.2.csproj", "{5F2959AA-4E60-4A09-8CF7-2206EC59E4E2}"
EndProject
Global
	GlobalSection(SolutionConfigurationPlatforms) = preSolution
		Debug|Any CPU = Debug|Any CPU
		Release|Any CPU = Release|Any CPU
	EndGlobalSection
	GlobalSection(ProjectConfigurationPlatforms) = postSolution
		{5F2959AA-4E60-4A09-8CF7-2206EC59E4E2}.Debug|Any CPU.ActiveCfg = Debug|Any CPU
		{5F2959AA-4E60-4A09-8CF7-2206EC59E4E2}.Debug|Any CPU.Build.0 = Debug|Any CPU
		{5F2959AA-4E60-4A09-8CF7-2206EC59E4E2}.Release|Any CPU.ActiveCfg = Release|Any CPU
		{5F2959AA-4E60-4A09-8CF7-2206EC59E4E2}.Release|Any CPU.Build.0 = Release|Any CPU
	EndGlobalSection
	GlobalSection(SolutionProperties) = preSolution
		HideSolutionNode = FALSE
	EndGlobalSection
	GlobalSection(ExtensibilityGlobals) = postSolution
		SolutionGuid = {6B088585-D5F7-4700-9AA5-D6D43846D37D}
	EndGlobalSection
EndGlobal
